# @generated by Move, please check-in and do not edit manually.

[move]
version = 2
manifest_digest = "57D20A48AFA5DD161CE454AE577886B93867CAA7A3B3FC7B40A0FEF46285F4A6"
deps_digest = "CAFAD8A7CF51067FB4358215BECB86BD100DD64E57C2AC8A7AE7D74B688F5965"
dependencies = [
  { name = "CetusClmm" },
  { name = "IntegerMate" },
  { name = "Math" },
  { name = "ScallopProtocol" },
  { name = "Sui" },
  { name = "SuiSystem" },
  { name = "spool" },
]

[[move.package]]
name = "CetusClmm"
source = { git = "https://github.com/CetusProtocol/cetus-clmm-interface.git", rev = "mainnet-v1.23.1", subdir = "sui/clmmpool" }

dependencies = [
  { name = "IntegerMate" },
  { name = "MoveSTL" },
  { name = "Sui" },
]

[[move.package]]
name = "CoinDecimalsRegistry"
source = { git = "https://github.com/scallop-io/sui-lending-protocol.git", rev = "mainnet-v1.5", subdir = "contracts/libs/coin_decimals_registry" }

dependencies = [
  { name = "Sui" },
]

[[move.package]]
name = "IntegerMate"
source = { git = "https://github.com/CetusProtocol/integer-mate.git", rev = "mainnet-v1.23.1", subdir = "sui" }

dependencies = [
  { name = "Sui" },
]

[[move.package]]
name = "Math"
source = { git = "https://github.com/scallop-io/sui-lending-protocol.git", rev = "mainnet-v1.5", subdir = "contracts/libs/math" }

dependencies = [
  { name = "Sui" },
]

[[move.package]]
name = "MathSpool"
source = { git = "https://github.com/scallop-io/spool-contract-interface.git", rev = "main", subdir = "spool/deps/math" }

dependencies = [
  { name = "Sui" },
]

[[move.package]]
name = "MoveSTL"
source = { git = "https://github.com/CetusProtocol/move-stl.git", rev = "mainnet-v1.23.1", subdir = "sui" }

dependencies = [
  { name = "Sui" },
]

[[move.package]]
name = "MoveStdlib"
source = { git = "https://github.com/MystenLabs/sui.git", rev = "mainnet-v1.17.3", subdir = "crates/sui-framework/packages/move-stdlib" }

[[move.package]]
name = "ScallopProtocol"
source = { git = "https://github.com/scallop-io/sui-lending-protocol.git", rev = "mainnet-v1.5", subdir = "contracts/protocol" }

dependencies = [
  { name = "CoinDecimalsRegistry" },
  { name = "Math" },
  { name = "Sui" },
  { name = "Whitelist" },
  { name = "X" },
  { name = "XOracle" },
]

[[move.package]]
name = "Sui"
source = { git = "https://github.com/MystenLabs/sui.git", rev = "mainnet-v1.17.3", subdir = "crates/sui-framework/packages/sui-framework" }

dependencies = [
  { name = "MoveStdlib" },
]

[[move.package]]
name = "SuiSystem"
source = { git = "https://github.com/MystenLabs/sui.git", rev = "mainnet-v1.17.3", subdir = "crates/sui-framework/packages/sui-system" }

dependencies = [
  { name = "MoveStdlib" },
  { name = "Sui" },
]

[[move.package]]
name = "Whitelist"
source = { git = "https://github.com/scallop-io/sui-lending-protocol.git", rev = "mainnet-v1.5", subdir = "contracts/libs/whitelist" }

dependencies = [
  { name = "Sui" },
]

[[move.package]]
name = "X"
source = { git = "https://github.com/scallop-io/sui-lending-protocol.git", rev = "mainnet-v1.5", subdir = "contracts/libs/x" }

dependencies = [
  { name = "Sui" },
]

[[move.package]]
name = "XOracle"
source = { git = "https://github.com/scallop-io/sui-lending-protocol.git", rev = "mainnet-v1.5", subdir = "contracts/sui_x_oracle/x_oracle" }

dependencies = [
  { name = "Sui" },
]

[[move.package]]
name = "spool"
source = { git = "https://github.com/scallop-io/spool-contract-interface.git", rev = "main", subdir = "spool" }

dependencies = [
  { name = "MathSpool" },
  { name = "Sui" },
]

[move.toolchain-version]
compiler-version = "1.32.2"
edition = "2024.beta"
flavor = "sui"
