# @generated by Move, please check-in and do not edit manually.

[move]
version = 0
manifest_digest = "3D00F272044AB6130C813CF806B7290924C03FD9007EF2B993018AA7BAC52CE3"
deps_digest = "3C4103934B1E040BB6B23F1D610B4EF9F2F1166A50A104EADCF77467C004C600"

dependencies = [
  { name = "SmartInscription" },
  { name = "Sui" },
]

[[move.package]]
name = "CetusClmm"
source = { git = "https://github.com/CetusProtocol/cetus-clmm-interface.git", rev = "mainnet-v1.23.1", subdir = "sui/clmmpool" }

dependencies = [
  { name = "IntegerMate" },
  { name = "MoveSTL" },
  { name = "Sui" },
]

[[move.package]]
name = "CoinDecimalsRegistry"
source = { git = "https://github.com/movescriptions/sui-lending-protocol.git", rev = "mainnet", subdir = "contracts/libs/coin_decimals_registry" }

dependencies = [
  { name = "Sui" },
]

[[move.package]]
name = "IntegerMate"
source = { git = "https://github.com/CetusProtocol/integer-mate.git", rev = "mainnet-v1.23.1", subdir = "sui" }

dependencies = [
  { name = "Sui" },
]

[[move.package]]
name = "Math"
source = { git = "https://github.com/movescriptions/sui-lending-protocol.git", rev = "mainnet", subdir = "contracts/libs/math" }

dependencies = [
  { name = "Sui" },
]

[[move.package]]
name = "MoveSTL"
source = { git = "https://github.com/CetusProtocol/move-stl.git", rev = "mainnet-v1.23.1", subdir = "sui" }

dependencies = [
  { name = "Sui" },
]

[[move.package]]
name = "MoveStdlib"
source = { git = "https://github.com/MystenLabs/sui.git", rev = "mainnet-v1.17.3", subdir = "crates/sui-framework/packages/move-stdlib" }

[[move.package]]
name = "ScallopProtocol"
source = { git = "https://github.com/movescriptions/sui-lending-protocol.git", rev = "mainnet", subdir = "contracts/protocol" }

dependencies = [
  { name = "CoinDecimalsRegistry" },
  { name = "Math" },
  { name = "Sui" },
  { name = "Whitelist" },
  { name = "X" },
  { name = "XOracle" },
]

[[move.package]]
name = "SmartInscription"
source = { git = "https://github.com/movescriptions/movescriptions", rev = "sui-mainnet", subdir = "sui" }

dependencies = [
  { name = "CetusClmm" },
  { name = "IntegerMate" },
  { name = "Math" },
  { name = "ScallopProtocol" },
  { name = "Sui" },
  { name = "SuiSystem" },
  { name = "spool" },
]

[[move.package]]
name = "Sui"
source = { git = "https://github.com/MystenLabs/sui.git", rev = "mainnet-v1.17.3", subdir = "crates/sui-framework/packages/sui-framework" }

dependencies = [
  { name = "MoveStdlib" },
]

[[move.package]]
name = "SuiSystem"
source = { git = "https://github.com/MystenLabs/sui.git", rev = "mainnet-v1.17.3", subdir = "crates/sui-framework/packages/sui-system" }

dependencies = [
  { name = "MoveStdlib" },
  { name = "Sui" },
]

[[move.package]]
name = "Whitelist"
source = { git = "https://github.com/movescriptions/sui-lending-protocol.git", rev = "mainnet", subdir = "contracts/libs/whitelist" }

dependencies = [
  { name = "Sui" },
]

[[move.package]]
name = "X"
source = { git = "https://github.com/movescriptions/sui-lending-protocol.git", rev = "mainnet", subdir = "contracts/libs/x" }

dependencies = [
  { name = "Sui" },
]

[[move.package]]
name = "XOracle"
source = { git = "https://github.com/movescriptions/sui-lending-protocol.git", rev = "mainnet", subdir = "contracts/sui_x_oracle/x_oracle" }

dependencies = [
  { name = "Sui" },
]

[[move.package]]
name = "spool"
source = { git = "https://github.com/movescriptions/spool-contract-interface.git", rev = "mainnet", subdir = "spool" }

dependencies = [
  { name = "Math" },
  { name = "Sui" },
]

[move.toolchain-version]
compiler-version = "1.24.1"
edition = "legacy"
flavor = "sui"

[env]

[env.main]
chain-id = "35834a8a"
original-published-id = "0x9a66e110facd697d434005538f5da86fec1a9d8bd3960eeee5d601cfcab6a1dc"
latest-published-id = "0x9a66e110facd697d434005538f5da86fec1a9d8bd3960eeee5d601cfcab6a1dc"
published-version = "1"
