# @generated by Move, please check-in and do not edit manually.

[move]
version = 0
manifest_digest = "0A5DDF9246022D279CBF575D42743224FF6D0E3A8CDDD52BFD4CB7F669AFF9DB"
deps_digest = "3C4103934B1E040BB6B23F1D610B4EF9F2F1166A50A104EADCF77467C004C600"

dependencies = [
  { name = "SmartInscription" },
  { name = "Sui" },
]

[[move.package]]
name = "CetusClmm"
source = { git = "https://github.com/CetusProtocol/cetus-clmm-interface.git", rev = "mainnet-v1.2.0", subdir = "sui/clmmpool" }

dependencies = [
  { name = "IntegerMate" },
  { name = "MoveSTL" },
  { name = "Sui" },
]

[[move.package]]
name = "IntegerMate"
source = { git = "https://github.com/CetusProtocol/integer-mate.git", rev = "sui-v1.1.0", subdir = "sui" }

dependencies = [
  { name = "Sui" },
]

[[move.package]]
name = "MoveSTL"
source = { git = "https://github.com/CetusProtocol/move-stl.git", rev = "sui-v1.1.0", subdir = "sui" }

dependencies = [
  { name = "Sui" },
]

[[move.package]]
name = "MoveStdlib"
source = { git = "https://github.com/MystenLabs/sui.git", rev = "mainnet-v1.17.3", subdir = "crates/sui-framework/packages/move-stdlib" }

[[move.package]]
name = "SmartInscription"
source = { local = ".." }

dependencies = [
  { name = "CetusClmm" },
  { name = "IntegerMate" },
  { name = "Sui" },
]

[[move.package]]
name = "Sui"
source = { git = "https://github.com/MystenLabs/sui.git", rev = "mainnet-v1.17.3", subdir = "crates/sui-framework/packages/sui-framework" }

dependencies = [
  { name = "MoveStdlib" },
]

[move.toolchain-version]
compiler-version = "1.17.3"
edition = "legacy"
flavor = "sui"
